
Microsoft Visual Studio Solution File, Format Version 12.00
# Visual Studio 15
VisualStudioVersion = 15.0.28307.421
MinimumVisualStudioVersion = 10.0.40219.1
Project("{FAE04EC0-301F-11D3-BF4B-00C04F79EFBC}") = "mvcproj", "mvcproj\mvcproj.csproj", "{096B6C2E-DF3C-4CA9-9816-5C689AAD22A9}"
EndProject
Global
	GlobalSection(SolutionConfigurationPlatforms) = preSolution
		Debug|Any CPU = Debug|Any CPU
		Release|Any CPU = Release|Any CPU
	EndGlobalSection
	GlobalSection(ProjectConfigurationPlatforms) = postSolution
		{096B6C2E-DF3C-4CA9-9816-5C689AAD22A9}.Debug|Any CPU.ActiveCfg = Debug|Any CPU
		{096B6C2E-DF3C-4CA9-9816-5C689AAD22A9}.Debug|Any CPU.Build.0 = Debug|Any CPU
		{096B6C2E-DF3C-4CA9-9816-5C689AAD22A9}.Release|Any CPU.ActiveCfg = Release|Any CPU
		{096B6C2E-DF3C-4CA9-9816-5C689AAD22A9}.Release|Any CPU.Build.0 = Release|Any CPU
	EndGlobalSection
	GlobalSection(SolutionProperties) = preSolution
		HideSolutionNode = FALSE
	EndGlobalSection
	GlobalSection(ExtensibilityGlobals) = postSolution
		SolutionGuid = {88BD62B7-9E0F-44BD-9369-A7DE425FE581}
	EndGlobalSection
EndGlobal
